# This file was autogenerated by Stack.
# You should not edit this file by hand.
# For more information, please see the documentation at:
#   https://docs.haskellstack.org/en/stable/lock_files

packages:
- completed:
    hackage: posix-pty-0.2.1@sha256:e3303e45d029c689ce8b613bcaa9347ae427af031863dee5433bd9e1b32d4710,1822
    pantry-tree:
      size: 459
      sha256: 33cd9623efbe6bad2a0da014af16ceed85915d9e62eb7abc81f97d6c118c4d1a
  original:
    hackage: posix-pty-0.2.1
- completed:
    hackage: ncurses-0.2.16@sha256:8ad9fe6562a80d28166d76adbac1eb4d40c6511fe4e9272ed6e1166dc2f1cdf1,3575
    pantry-tree:
      size: 674
      sha256: 093bdc85ed518c81724f5b6b81c24ab4ebdd231551861f4feaa43361136f70b7
  original:
    hackage: ncurses-0.2.16
- completed:
    hackage: stream-0.1.0.0@sha256:8a1d8251fa99b9e82a4e7327bc2ee4270c8175443ec23bd93501ab6569e9ea7f,1828
    pantry-tree:
      size: 544
      sha256: 3b118eaeafc9925ae7ec9862ccf8df891c0a71d6ec3faa0ac6f8e5007fc0a390
  original:
    hackage: stream-0.1.0.0
- completed:
    hackage: random-1.1@sha256:7b67624fd76ddf97c206de0801dc7e888097e9d572974be9b9ea6551d76965df,1777
    pantry-tree:
      size: 637
      sha256: 14a1b01728c5584e87c9fa00746a66e28ffd89dd2c0eabd334c8463953496e1b
  original:
    hackage: random-1.1
snapshots:
- completed:
    size: 420827
    url: https://raw.githubusercontent.com/commercialhaskell/stackage-snapshots/master/lts/7/4.yaml
    sha256: 0a5fa48a2af8aac5b38e1ae583f6ed0d30671cc7660f5ff3ca0277d68a004030
  original: lts-7.4
